// !$*UTF8*$!
{
	archiveVersion = 1;
	classes = {
	};
	objectVersion = 46;
	objects = {

/* Begin PBXBuildFile section */
		1C4725A71A5A01B300F03202 /* main.m in Sources */ = {isa = PBXBuildFile; fileRef = 1C4725A61A5A01B300F03202 /* main.m */; };
		1C4725AA1A5A01B300F03202 /* AppDelegate.m in Sources */ = {isa = PBXBuildFile; fileRef = 1C4725A91A5A01B300F03202 /* AppDelegate.m */; };
		1C4725AD1A5A01B300F03202 /* ViewController.m in Sources */ = {isa = PBXBuildFile; fileRef = 1C4725AC1A5A01B300F03202 /* ViewController.m */; };
		1C4725B01A5A01B300F03202 /* Main.storyboard in Resources */ = {isa = PBXBuildFile; fileRef = 1C4725AE1A5A01B300F03202 /* Main.storyboard */; };
		1C4725B21A5A01B300F03202 /* Images.xcassets in Resources */ = {isa = PBXBuildFile; fileRef = 1C4725B11A5A01B300F03202 /* Images.xcassets */; };
		1C4725B51A5A01B300F03202 /* LaunchScreen.xib in Resources */ = {isa = PBXBuildFile; fileRef = 1C4725B31A5A01B300F03202 /* LaunchScreen.xib */; };
		1C4725C11A5A01B300F03202 /* assign7MaryTests.m in Sources */ = {isa = PBXBuildFile; fileRef = 1C4725C01A5A01B300F03202 /* assign7MaryTests.m */; };
		1C4725CC1A5A035200F03202 /* SecondViewController.m in Sources */ = {isa = PBXBuildFile; fileRef = 1C4725CB1A5A035200F03202 /* SecondViewController.m */; };
		1C4725CF1A5A035C00F03202 /* ThirdViewController.m in Sources */ = {isa = PBXBuildFile; fileRef = 1C4725CE1A5A035C00F03202 /* ThirdViewController.m */; };
		1C4725D21A5A15B700F03202 /* Photo.m in Sources */ = {isa = PBXBuildFile; fileRef = 1C4725D11A5A15B700F03202 /* Photo.m */; };
/* End PBXBuildFile section */

/* Begin PBXContainerItemProxy section */
		1C4725BB1A5A01B300F03202 /* PBXContainerItemProxy */ = {
			isa = PBXContainerItemProxy;
			containerPortal = 1C4725991A5A01B300F03202 /* Project object */;
			proxyType = 1;
			remoteGlobalIDString = 1C4725A01A5A01B300F03202;
			remoteInfo = assign7Mary;
		};
/* End PBXContainerItemProxy section */

/* Begin PBXFileReference section */
		1C4725A11A5A01B300F03202 /* assign7Mary.app */ = {isa = PBXFileReference; explicitFileType = wrapper.application; includeInIndex = 0; path = assign7Mary.app; sourceTree = BUILT_PRODUCTS_DIR; };
		1C4725A51A5A01B300F03202 /* Info.plist */ = {isa = PBXFileReference; lastKnownFileType = text.plist.xml; path = Info.plist; sourceTree = "<group>"; };
		1C4725A61A5A01B300F03202 /* main.m */ = {isa = PBXFileReference; lastKnownFileType = sourcecode.c.objc; path = main.m; sourceTree = "<group>"; };
		1C4725A81A5A01B300F03202 /* AppDelegate.h */ = {isa = PBXFileReference; lastKnownFileType = sourcecode.c.h; path = AppDelegate.h; sourceTree = "<group>"; };
		1C4725A91A5A01B300F03202 /* AppDelegate.m */ = {isa = PBXFileReference; lastKnownFileType = sourcecode.c.objc; path = AppDelegate.m; sourceTree = "<group>"; };
		1C4725AB1A5A01B300F03202 /* ViewController.h */ = {isa = PBXFileReference; lastKnownFileType = sourcecode.c.h; path = ViewController.h; sourceTree = "<group>"; };
		1C4725AC1A5A01B300F03202 /* ViewController.m */ = {isa = PBXFileReference; lastKnownFileType = sourcecode.c.objc; path = ViewController.m; sourceTree = "<group>"; };
		1C4725AF1A5A01B300F03202 /* Base */ = {isa = PBXFileReference; lastKnownFileType = file.storyboard; name = Base; path = Base.lproj/Main.storyboard; sourceTree = "<group>"; };
		1C4725B11A5A01B300F03202 /* Images.xcassets */ = {isa = PBXFileReference; lastKnownFileType = folder.assetcatalog; path = Images.xcassets; sourceTree = "<group>"; };
		1C4725B41A5A01B300F03202 /* Base */ = {isa = PBXFileReference; lastKnownFileType = file.xib; name = Base; path = Base.lproj/LaunchScreen.xib; sourceTree = "<group>"; };
		1C4725BA1A5A01B300F03202 /* assign7MaryTests.xctest */ = {isa = PBXFileReference; explicitFileType = wrapper.cfbundle; includeInIndex = 0; path = assign7MaryTests.xctest; sourceTree = BUILT_PRODUCTS_DIR; };
		1C4725BF1A5A01B300F03202 /* Info.plist */ = {isa = PBXFileReference; lastKnownFileType = text.plist.xml; path = Info.plist; sourceTree = "<group>"; };
		1C4725C01A5A01B300F03202 /* assign7MaryTests.m */ = {isa = PBXFileReference; lastKnownFileType = sourcecode.c.objc; path = assign7MaryTests.m; sourceTree = "<group>"; };
		1C4725CA1A5A035200F03202 /* SecondViewController.h */ = {isa = PBXFileReference; fileEncoding = 4; lastKnownFileType = sourcecode.c.h; path = SecondViewController.h; sourceTree = "<group>"; };
		1C4725CB1A5A035200F03202 /* SecondViewController.m */ = {isa = PBXFileReference; fileEncoding = 4; lastKnownFileType = sourcecode.c.objc; path = SecondViewController.m; sourceTree = "<group>"; };
		1C4725CD1A5A035C00F03202 /* ThirdViewController.h */ = {isa = PBXFileReference; fileEncoding = 4; lastKnownFileType = sourcecode.c.h; path = ThirdViewController.h; sourceTree = "<group>"; };
		1C4725CE1A5A035C00F03202 /* ThirdViewController.m */ = {isa = PBXFileReference; fileEncoding = 4; lastKnownFileType = sourcecode.c.objc; path = ThirdViewController.m; sourceTree = "<group>"; };
		1C4725D01A5A15B700F03202 /* Photo.h */ = {isa = PBXFileReference; fileEncoding = 4; lastKnownFileType = sourcecode.c.h; path = Photo.h; sourceTree = "<group>"; };
		1C4725D11A5A15B700F03202 /* Photo.m */ = {isa = PBXFileReference; fileEncoding = 4; lastKnownFileType = sourcecode.c.objc; path = Photo.m; sourceTree = "<group>"; };
/* End PBXFileReference section */

/* Begin PBXFrameworksBuildPhase section */
		1C47259E1A5A01B300F03202 /* Frameworks */ = {
			isa = PBXFrameworksBuildPhase;
			buildActionMask = 2147483647;
			files = (
			);
			runOnlyForDeploymentPostprocessing = 0;
		};
		1C4725B71A5A01B300F03202 /* Frameworks */ = {
			isa = PBXFrameworksBuildPhase;
			buildActionMask = 2147483647;
			files = (
			);
			runOnlyForDeploymentPostprocessing = 0;
		};
/* End PBXFrameworksBuildPhase section */

/* Begin PBXGroup section */
		1C4725981A5A01B300F03202 = {
			isa = PBXGroup;
			children = (
				1C4725A31A5A01B300F03202 /* assign7Mary */,
				1C4725BD1A5A01B300F03202 /* assign7MaryTests */,
				1C4725A21A5A01B300F03202 /* Products */,
			);
			sourceTree = "<group>";
		};
		1C4725A21A5A01B300F03202 /* Products */ = {
			isa = PBXGroup;
			children = (
				1C4725A11A5A01B300F03202 /* assign7Mary.app */,
				1C4725BA1A5A01B300F03202 /* assign7MaryTests.xctest */,
			);
			name = Products;
			sourceTree = "<group>";
		};
		1C4725A31A5A01B300F03202 /* assign7Mary */ = {
			isa = PBXGroup;
			children = (
				1C4725A81A5A01B300F03202 /* AppDelegate.h */,
				1C4725A91A5A01B300F03202 /* AppDelegate.m */,
				1C4725AE1A5A01B300F03202 /* Main.storyboard */,
				1C4725D01A5A15B700F03202 /* Photo.h */,
				1C4725D11A5A15B700F03202 /* Photo.m */,
				1C4725AB1A5A01B300F03202 /* ViewController.h */,
				1C4725AC1A5A01B300F03202 /* ViewController.m */,
				1C4725CA1A5A035200F03202 /* SecondViewController.h */,
				1C4725CB1A5A035200F03202 /* SecondViewController.m */,
				1C4725CD1A5A035C00F03202 /* ThirdViewController.h */,
				1C4725CE1A5A035C00F03202 /* ThirdViewController.m */,
				1C4725B11A5A01B300F03202 /* Images.xcassets */,
				1C4725B31A5A01B300F03202 /* LaunchScreen.xib */,
				1C4725A41A5A01B300F03202 /* Supporting Files */,
			);
			path = assign7Mary;
			sourceTree = "<group>";
		};
		1C4725A41A5A01B300F03202 /* Supporting Files */ = {
			isa = PBXGroup;
			children = (
				1C4725A51A5A01B300F03202 /* Info.plist */,
				1C4725A61A5A01B300F03202 /* main.m */,
			);
			name = "Supporting Files";
			sourceTree = "<group>";
		};
		1C4725BD1A5A01B300F03202 /* assign7MaryTests */ = {
			isa = PBXGroup;
			children = (
				1C4725C01A5A01B300F03202 /* assign7MaryTests.m */,
				1C4725BE1A5A01B300F03202 /* Supporting Files */,
			);
			path = assign7MaryTests;
			sourceTree = "<group>";
		};
		1C4725BE1A5A01B300F03202 /* Supporting Files */ = {
			isa = PBXGroup;
			children = (
				1C4725BF1A5A01B300F03202 /* Info.plist */,
			);
			name = "Supporting Files";
			sourceTree = "<group>";
		};
/* End PBXGroup section */

/* Begin PBXNativeTarget section */
		1C4725A01A5A01B300F03202 /* assign7Mary */ = {
			isa = PBXNativeTarget;
			buildConfigurationList = 1C4725C41A5A01B300F03202 /* Build configuration list for PBXNativeTarget "assign7Mary" */;
			buildPhases = (
				1C47259D1A5A01B300F03202 /* Sources */,
				1C47259E1A5A01B300F03202 /* Frameworks */,
				1C47259F1A5A01B300F03202 /* Resources */,
			);
			buildRules = (
			);
			dependencies = (
			);
			name = assign7Mary;
			productName = assign7Mary;
			productReference = 1C4725A11A5A01B300F03202 /* assign7Mary.app */;
			productType = "com.apple.product-type.application";
		};
		1C4725B91A5A01B300F03202 /* assign7MaryTests */ = {
			isa = PBXNativeTarget;
			buildConfigurationList = 1C4725C71A5A01B300F03202 /* Build configuration list for PBXNativeTarget "assign7MaryTests" */;
			buildPhases = (
				1C4725B61A5A01B300F03202 /* Sources */,
				1C4725B71A5A01B300F03202 /* Frameworks */,
				1C4725B81A5A01B300F03202 /* Resources */,
			);
			buildRules = (
			);
			dependencies = (
				1C4725BC1A5A01B300F03202 /* PBXTargetDependency */,
			);
			name = assign7MaryTests;
			productName = assign7MaryTests;
			productReference = 1C4725BA1A5A01B300F03202 /* assign7MaryTests.xctest */;
			productType = "com.apple.product-type.bundle.unit-test";
		};
/* End PBXNativeTarget section */

/* Begin PBXProject section */
		1C4725991A5A01B300F03202 /* Project object */ = {
			isa = PBXProject;
			attributes = {
				LastUpgradeCheck = 0610;
				ORGANIZATIONNAME = Mary;
				TargetAttributes = {
					1C4725A01A5A01B300F03202 = {
						CreatedOnToolsVersion = 6.1.1;
					};
					1C4725B91A5A01B300F03202 = {
						CreatedOnToolsVersion = 6.1.1;
						TestTargetID = 1C4725A01A5A01B300F03202;
					};
				};
			};
			buildConfigurationList = 1C47259C1A5A01B300F03202 /* Build configuration list for PBXProject "assign7Mary" */;
			compatibilityVersion = "Xcode 3.2";
			developmentRegion = English;
			hasScannedForEncodings = 0;
			knownRegions = (
				en,
				Base,
			);
			mainGroup = 1C4725981A5A01B300F03202;
			productRefGroup = 1C4725A21A5A01B300F03202 /* Products */;
			projectDirPath = "";
			projectRoot = "";
			targets = (
				1C4725A01A5A01B300F03202 /* assign7Mary */,
				1C4725B91A5A01B300F03202 /* assign7MaryTests */,
			);
		};
/* End PBXProject section */

/* Begin PBXResourcesBuildPhase section */
		1C47259F1A5A01B300F03202 /* Resources */ = {
			isa = PBXResourcesBuildPhase;
			buildActionMask = 2147483647;
			files = (
				1C4725B01A5A01B300F03202 /* Main.storyboard in Resources */,
				1C4725B51A5A01B300F03202 /* LaunchScreen.xib in Resources */,
				1C4725B21A5A01B300F03202 /* Images.xcassets in Resources */,
			);
			runOnlyForDeploymentPostprocessing = 0;
		};
		1C4725B81A5A01B300F03202 /* Resources */ = {
			isa = PBXResourcesBuildPhase;
			buildActionMask = 2147483647;
			files = (
			);
			runOnlyForDeploymentPostprocessing = 0;
		};
/* End PBXResourcesBuildPhase section */

/* Begin PBXSourcesBuildPhase section */
		1C47259D1A5A01B300F03202 /* Sources */ = {
			isa = PBXSourcesBuildPhase;
			buildActionMask = 2147483647;
			files = (
				1C4725D21A5A15B700F03202 /* Photo.m in Sources */,
				1C4725CC1A5A035200F03202 /* SecondViewController.m in Sources */,
				1C4725CF1A5A035C00F03202 /* ThirdViewController.m in Sources */,
				1C4725AD1A5A01B300F03202 /* ViewController.m in Sources */,
				1C4725AA1A5A01B300F03202 /* AppDelegate.m in Sources */,
				1C4725A71A5A01B300F03202 /* main.m in Sources */,
			);
			runOnlyForDeploymentPostprocessing = 0;
		};
		1C4725B61A5A01B300F03202 /* Sources */ = {
			isa = PBXSourcesBuildPhase;
			buildActionMask = 2147483647;
			files = (
				1C4725C11A5A01B300F03202 /* assign7MaryTests.m in Sources */,
			);
			runOnlyForDeploymentPostprocessing = 0;
		};
/* End PBXSourcesBuildPhase section */

/* Begin PBXTargetDependency section */
		1C4725BC1A5A01B300F03202 /* PBXTargetDependency */ = {
			isa = PBXTargetDependency;
			target = 1C4725A01A5A01B300F03202 /* assign7Mary */;
			targetProxy = 1C4725BB1A5A01B300F03202 /* PBXContainerItemProxy */;
		};
/* End PBXTargetDependency section */

/* Begin PBXVariantGroup section */
		1C4725AE1A5A01B300F03202 /* Main.storyboard */ = {
			isa = PBXVariantGroup;
			children = (
				1C4725AF1A5A01B300F03202 /* Base */,
			);
			name = Main.storyboard;
			sourceTree = "<group>";
		};
		1C4725B31A5A01B300F03202 /* LaunchScreen.xib */ = {
			isa = PBXVariantGroup;
			children = (
				1C4725B41A5A01B300F03202 /* Base */,
			);
			name = LaunchScreen.xib;
			sourceTree = "<group>";
		};
/* End PBXVariantGroup section */

/* Begin XCBuildConfiguration section */
		1C4725C21A5A01B300F03202 /* Debug */ = {
			isa = XCBuildConfiguration;
			buildSettings = {
				ALWAYS_SEARCH_USER_PATHS = NO;
				CLANG_CXX_LANGUAGE_STANDARD = "gnu++0x";
				CLANG_CXX_LIBRARY = "libc++";
				CLANG_ENABLE_MODULES = YES;
				CLANG_ENABLE_OBJC_ARC = YES;
				CLANG_WARN_BOOL_CONVERSION = YES;
				CLANG_WARN_CONSTANT_CONVERSION = YES;
				CLANG_WARN_DIRECT_OBJC_ISA_USAGE = YES_ERROR;
				CLANG_WARN_EMPTY_BODY = YES;
				CLANG_WARN_ENUM_CONVERSION = YES;
				CLANG_WARN_INT_CONVERSION = YES;
				CLANG_WARN_OBJC_ROOT_CLASS = YES_ERROR;
				CLANG_WARN_UNREACHABLE_CODE = YES;
				CLANG_WARN__DUPLICATE_METHOD_MATCH = YES;
				"CODE_SIGN_IDENTITY[sdk=iphoneos*]" = "iPhone Developer";
				COPY_PHASE_STRIP = NO;
				ENABLE_STRICT_OBJC_MSGSEND = YES;
				GCC_C_LANGUAGE_STANDARD = gnu99;
				GCC_DYNAMIC_NO_PIC = NO;
				GCC_OPTIMIZATION_LEVEL = 0;
				GCC_PREPROCESSOR_DEFINITIONS = (
					"DEBUG=1",
					"$(inherited)",
				);
				GCC_SYMBOLS_PRIVATE_EXTERN = NO;
				GCC_WARN_64_TO_32_BIT_CONVERSION = YES;
				GCC_WARN_ABOUT_RETURN_TYPE = YES_ERROR;
				GCC_WARN_UNDECLARED_SELECTOR = YES;
				GCC_WARN_UNINITIALIZED_AUTOS = YES_AGGRESSIVE;
				GCC_WARN_UNUSED_FUNCTION = YES;
				GCC_WARN_UNUSED_VARIABLE = YES;
				IPHONEOS_DEPLOYMENT_TARGET = 8.1;
				MTL_ENABLE_DEBUG_INFO = YES;
				ONLY_ACTIVE_ARCH = YES;
				SDKROOT = iphoneos;
				TARGETED_DEVICE_FAMILY = "1,2";
			};
			name = Debug;
		};
		1C4725C31A5A01B300F03202 /* Release */ = {
			isa = XCBuildConfiguration;
			buildSettings = {
				ALWAYS_SEARCH_USER_PATHS = NO;
				CLANG_CXX_LANGUAGE_STANDARD = "gnu++0x";
				CLANG_CXX_LIBRARY = "libc++";
				CLANG_ENABLE_MODULES = YES;
				CLANG_ENABLE_OBJC_ARC = YES;
				CLANG_WARN_BOOL_CONVERSION = YES;
				CLANG_WARN_CONSTANT_CONVERSION = YES;
				CLANG_WARN_DIRECT_OBJC_ISA_USAGE = YES_ERROR;
				CLANG_WARN_EMPTY_BODY = YES;
				CLANG_WARN_ENUM_CONVERSION = YES;
				CLANG_WARN_INT_CONVERSION = YES;
				CLANG_WARN_OBJC_ROOT_CLASS = YES_ERROR;
				CLANG_WARN_UNREACHABLE_CODE = YES;
				CLANG_WARN__DUPLICATE_METHOD_MATCH = YES;
				"CODE_SIGN_IDENTITY[sdk=iphoneos*]" = "iPhone Developer";
				COPY_PHASE_STRIP = YES;
				ENABLE_NS_ASSERTIONS = NO;
				ENABLE_STRICT_OBJC_MSGSEND = YES;
				GCC_C_LANGUAGE_STANDARD = gnu99;
				GCC_WARN_64_TO_32_BIT_CONVERSION = YES;
				GCC_WARN_ABOUT_RETURN_TYPE = YES_ERROR;
				GCC_WARN_UNDECLARED_SELECTOR = YES;
				GCC_WARN_UNINITIALIZED_AUTOS = YES_AGGRESSIVE;
				GCC_WARN_UNUSED_FUNCTION = YES;
				GCC_WARN_UNUSED_VARIABLE = YES;
				IPHONEOS_DEPLOYMENT_TARGET = 8.1;
				MTL_ENABLE_DEBUG_INFO = NO;
				SDKROOT = iphoneos;
				TARGETED_DEVICE_FAMILY = "1,2";
				VALIDATE_PRODUCT = YES;
			};
			name = Release;
		};
		1C4725C51A5A01B300F03202 /* Debug */ = {
			isa = XCBuildConfiguration;
			buildSettings = {
				ASSETCATALOG_COMPILER_APPICON_NAME = AppIcon;
				INFOPLIST_FILE = assign7Mary/Info.plist;
				LD_RUNPATH_SEARCH_PATHS = "$(inherited) @executable_path/Frameworks";
				PRODUCT_NAME = "$(TARGET_NAME)";
			};
			name = Debug;
		};
		1C4725C61A5A01B300F03202 /* Release */ = {
			isa = XCBuildConfiguration;
			buildSettings = {
				ASSETCATALOG_COMPILER_APPICON_NAME = AppIcon;
				INFOPLIST_FILE = assign7Mary/Info.plist;
				LD_RUNPATH_SEARCH_PATHS = "$(inherited) @executable_path/Frameworks";
				PRODUCT_NAME = "$(TARGET_NAME)";
			};
			name = Release;
		};
		1C4725C81A5A01B300F03202 /* Debug */ = {
			isa = XCBuildConfiguration;
			buildSettings = {
				BUNDLE_LOADER = "$(TEST_HOST)";
				FRAMEWORK_SEARCH_PATHS = (
					"$(SDKROOT)/Developer/Library/Frameworks",
					"$(inherited)",
				);
				GCC_PREPROCESSOR_DEFINITIONS = (
					"DEBUG=1",
					"$(inherited)",
				);
				INFOPLIST_FILE = assign7MaryTests/Info.plist;
				LD_RUNPATH_SEARCH_PATHS = "$(inherited) @executable_path/Frameworks @loader_path/Frameworks";
				PRODUCT_NAME = "$(TARGET_NAME)";
				TEST_HOST = "$(BUILT_PRODUCTS_DIR)/assign7Mary.app/assign7Mary";
			};
			name = Debug;
		};
		1C4725C91A5A01B300F03202 /* Release */ = {
			isa = XCBuildConfiguration;
			buildSettings = {
				BUNDLE_LOADER = "$(TEST_HOST)";
				FRAMEWORK_SEARCH_PATHS = (
					"$(SDKROOT)/Developer/Library/Frameworks",
					"$(inherited)",
				);
				INFOPLIST_FILE = assign7MaryTests/Info.plist;
				LD_RUNPATH_SEARCH_PATHS = "$(inherited) @executable_path/Frameworks @loader_path/Frameworks";
				PRODUCT_NAME = "$(TARGET_NAME)";
				TEST_HOST = "$(BUILT_PRODUCTS_DIR)/assign7Mary.app/assign7Mary";
			};
			name = Release;
		};
/* End XCBuildConfiguration section */

/* Begin XCConfigurationList section */
		1C47259C1A5A01B300F03202 /* Build configuration list for PBXProject "assign7Mary" */ = {
			isa = XCConfigurationList;
			buildConfigurations = (
				1C4725C21A5A01B300F03202 /* Debug */,
				1C4725C31A5A01B300F03202 /* Release */,
			);
			defaultConfigurationIsVisible = 0;
			defaultConfigurationName = Release;
		};
		1C4725C41A5A01B300F03202 /* Build configuration list for PBXNativeTarget "assign7Mary" */ = {
			isa = XCConfigurationList;
			buildConfigurations = (
				1C4725C51A5A01B300F03202 /* Debug */,
				1C4725C61A5A01B300F03202 /* Release */,
			);
			defaultConfigurationIsVisible = 0;
			defaultConfigurationName = Release;
		};
		1C4725C71A5A01B300F03202 /* Build configuration list for PBXNativeTarget "assign7MaryTests" */ = {
			isa = XCConfigurationList;
			buildConfigurations = (
				1C4725C81A5A01B300F03202 /* Debug */,
				1C4725C91A5A01B300F03202 /* Release */,
			);
			defaultConfigurationIsVisible = 0;
			defaultConfigurationName = Release;
		};
/* End XCConfigurationList section */
	};
	rootObject = 1C4725991A5A01B300F03202 /* Project object */;
}
