// !$*UTF8*$!
{
	archiveVersion = 1;
	classes = {
	};
	objectVersion = 46;
	objects = {

/* Begin PBXBuildFile section */
		1CDF3A291A564A4A003FFBE4 /* Foundation.framework in Frameworks */ = {isa = PBXBuildFile; fileRef = 1CDF3A281A564A4A003FFBE4 /* Foundation.framework */; };
		1CDF3A2B1A564A4A003FFBE4 /* CoreGraphics.framework in Frameworks */ = {isa = PBXBuildFile; fileRef = 1CDF3A2A1A564A4A003FFBE4 /* CoreGraphics.framework */; };
		1CDF3A2D1A564A4A003FFBE4 /* UIKit.framework in Frameworks */ = {isa = PBXBuildFile; fileRef = 1CDF3A2C1A564A4A003FFBE4 /* UIKit.framework */; };
		1CDF3A331A564A4A003FFBE4 /* InfoPlist.strings in Resources */ = {isa = PBXBuildFile; fileRef = 1CDF3A311A564A4A003FFBE4 /* InfoPlist.strings */; };
		1CDF3A351A564A4A003FFBE4 /* main.m in Sources */ = {isa = PBXBuildFile; fileRef = 1CDF3A341A564A4A003FFBE4 /* main.m */; };
		1CDF3A391A564A4A003FFBE4 /* AppDelegate.m in Sources */ = {isa = PBXBuildFile; fileRef = 1CDF3A381A564A4A003FFBE4 /* AppDelegate.m */; };
		1CDF3A3C1A564A4A003FFBE4 /* Main_iPhone.storyboard in Resources */ = {isa = PBXBuildFile; fileRef = 1CDF3A3A1A564A4A003FFBE4 /* Main_iPhone.storyboard */; };
		1CDF3A3F1A564A4A003FFBE4 /* Main_iPad.storyboard in Resources */ = {isa = PBXBuildFile; fileRef = 1CDF3A3D1A564A4A003FFBE4 /* Main_iPad.storyboard */; };
		1CDF3A421A564A4A003FFBE4 /* ViewController.m in Sources */ = {isa = PBXBuildFile; fileRef = 1CDF3A411A564A4A003FFBE4 /* ViewController.m */; };
		1CDF3A441A564A4A003FFBE4 /* Images.xcassets in Resources */ = {isa = PBXBuildFile; fileRef = 1CDF3A431A564A4A003FFBE4 /* Images.xcassets */; };
		1CDF3A4B1A564A4A003FFBE4 /* XCTest.framework in Frameworks */ = {isa = PBXBuildFile; fileRef = 1CDF3A4A1A564A4A003FFBE4 /* XCTest.framework */; };
		1CDF3A4C1A564A4A003FFBE4 /* Foundation.framework in Frameworks */ = {isa = PBXBuildFile; fileRef = 1CDF3A281A564A4A003FFBE4 /* Foundation.framework */; };
		1CDF3A4D1A564A4A003FFBE4 /* UIKit.framework in Frameworks */ = {isa = PBXBuildFile; fileRef = 1CDF3A2C1A564A4A003FFBE4 /* UIKit.framework */; };
		1CDF3A551A564A4A003FFBE4 /* InfoPlist.strings in Resources */ = {isa = PBXBuildFile; fileRef = 1CDF3A531A564A4A003FFBE4 /* InfoPlist.strings */; };
		1CDF3A571A564A4A003FFBE4 /* assign6MaryTests.m in Sources */ = {isa = PBXBuildFile; fileRef = 1CDF3A561A564A4A003FFBE4 /* assign6MaryTests.m */; };
/* End PBXBuildFile section */

/* Begin PBXContainerItemProxy section */
		1CDF3A4E1A564A4A003FFBE4 /* PBXContainerItemProxy */ = {
			isa = PBXContainerItemProxy;
			containerPortal = 1CDF3A1D1A564A4A003FFBE4 /* Project object */;
			proxyType = 1;
			remoteGlobalIDString = 1CDF3A241A564A4A003FFBE4;
			remoteInfo = assign6Mary;
		};
/* End PBXContainerItemProxy section */

/* Begin PBXFileReference section */
		1CDF3A251A564A4A003FFBE4 /* assign6Mary.app */ = {isa = PBXFileReference; explicitFileType = wrapper.application; includeInIndex = 0; path = assign6Mary.app; sourceTree = BUILT_PRODUCTS_DIR; };
		1CDF3A281A564A4A003FFBE4 /* Foundation.framework */ = {isa = PBXFileReference; lastKnownFileType = wrapper.framework; name = Foundation.framework; path = System/Library/Frameworks/Foundation.framework; sourceTree = SDKROOT; };
		1CDF3A2A1A564A4A003FFBE4 /* CoreGraphics.framework */ = {isa = PBXFileReference; lastKnownFileType = wrapper.framework; name = CoreGraphics.framework; path = System/Library/Frameworks/CoreGraphics.framework; sourceTree = SDKROOT; };
		1CDF3A2C1A564A4A003FFBE4 /* UIKit.framework */ = {isa = PBXFileReference; lastKnownFileType = wrapper.framework; name = UIKit.framework; path = System/Library/Frameworks/UIKit.framework; sourceTree = SDKROOT; };
		1CDF3A301A564A4A003FFBE4 /* assign6Mary-Info.plist */ = {isa = PBXFileReference; lastKnownFileType = text.plist.xml; path = "assign6Mary-Info.plist"; sourceTree = "<group>"; };
		1CDF3A321A564A4A003FFBE4 /* en */ = {isa = PBXFileReference; lastKnownFileType = text.plist.strings; name = en; path = en.lproj/InfoPlist.strings; sourceTree = "<group>"; };
		1CDF3A341A564A4A003FFBE4 /* main.m */ = {isa = PBXFileReference; lastKnownFileType = sourcecode.c.objc; path = main.m; sourceTree = "<group>"; };
		1CDF3A361A564A4A003FFBE4 /* assign6Mary-Prefix.pch */ = {isa = PBXFileReference; lastKnownFileType = sourcecode.c.h; path = "assign6Mary-Prefix.pch"; sourceTree = "<group>"; };
		1CDF3A371A564A4A003FFBE4 /* AppDelegate.h */ = {isa = PBXFileReference; lastKnownFileType = sourcecode.c.h; path = AppDelegate.h; sourceTree = "<group>"; };
		1CDF3A381A564A4A003FFBE4 /* AppDelegate.m */ = {isa = PBXFileReference; lastKnownFileType = sourcecode.c.objc; path = AppDelegate.m; sourceTree = "<group>"; };
		1CDF3A3B1A564A4A003FFBE4 /* Base */ = {isa = PBXFileReference; lastKnownFileType = file.storyboard; name = Base; path = Base.lproj/Main_iPhone.storyboard; sourceTree = "<group>"; };
		1CDF3A3E1A564A4A003FFBE4 /* Base */ = {isa = PBXFileReference; lastKnownFileType = file.storyboard; name = Base; path = Base.lproj/Main_iPad.storyboard; sourceTree = "<group>"; };
		1CDF3A401A564A4A003FFBE4 /* ViewController.h */ = {isa = PBXFileReference; lastKnownFileType = sourcecode.c.h; path = ViewController.h; sourceTree = "<group>"; };
		1CDF3A411A564A4A003FFBE4 /* ViewController.m */ = {isa = PBXFileReference; lastKnownFileType = sourcecode.c.objc; path = ViewController.m; sourceTree = "<group>"; };
		1CDF3A431A564A4A003FFBE4 /* Images.xcassets */ = {isa = PBXFileReference; lastKnownFileType = folder.assetcatalog; path = Images.xcassets; sourceTree = "<group>"; };
		1CDF3A491A564A4A003FFBE4 /* assign6MaryTests.xctest */ = {isa = PBXFileReference; explicitFileType = wrapper.cfbundle; includeInIndex = 0; path = assign6MaryTests.xctest; sourceTree = BUILT_PRODUCTS_DIR; };
		1CDF3A4A1A564A4A003FFBE4 /* XCTest.framework */ = {isa = PBXFileReference; lastKnownFileType = wrapper.framework; name = XCTest.framework; path = Library/Frameworks/XCTest.framework; sourceTree = DEVELOPER_DIR; };
		1CDF3A521A564A4A003FFBE4 /* assign6MaryTests-Info.plist */ = {isa = PBXFileReference; lastKnownFileType = text.plist.xml; path = "assign6MaryTests-Info.plist"; sourceTree = "<group>"; };
		1CDF3A541A564A4A003FFBE4 /* en */ = {isa = PBXFileReference; lastKnownFileType = text.plist.strings; name = en; path = en.lproj/InfoPlist.strings; sourceTree = "<group>"; };
		1CDF3A561A564A4A003FFBE4 /* assign6MaryTests.m */ = {isa = PBXFileReference; lastKnownFileType = sourcecode.c.objc; path = assign6MaryTests.m; sourceTree = "<group>"; };
/* End PBXFileReference section */

/* Begin PBXFrameworksBuildPhase section */
		1CDF3A221A564A4A003FFBE4 /* Frameworks */ = {
			isa = PBXFrameworksBuildPhase;
			buildActionMask = 2147483647;
			files = (
				1CDF3A2B1A564A4A003FFBE4 /* CoreGraphics.framework in Frameworks */,
				1CDF3A2D1A564A4A003FFBE4 /* UIKit.framework in Frameworks */,
				1CDF3A291A564A4A003FFBE4 /* Foundation.framework in Frameworks */,
			);
			runOnlyForDeploymentPostprocessing = 0;
		};
		1CDF3A461A564A4A003FFBE4 /* Frameworks */ = {
			isa = PBXFrameworksBuildPhase;
			buildActionMask = 2147483647;
			files = (
				1CDF3A4B1A564A4A003FFBE4 /* XCTest.framework in Frameworks */,
				1CDF3A4D1A564A4A003FFBE4 /* UIKit.framework in Frameworks */,
				1CDF3A4C1A564A4A003FFBE4 /* Foundation.framework in Frameworks */,
			);
			runOnlyForDeploymentPostprocessing = 0;
		};
/* End PBXFrameworksBuildPhase section */

/* Begin PBXGroup section */
		1CDF3A1C1A564A4A003FFBE4 = {
			isa = PBXGroup;
			children = (
				1CDF3A2E1A564A4A003FFBE4 /* assign6Mary */,
				1CDF3A501A564A4A003FFBE4 /* assign6MaryTests */,
				1CDF3A271A564A4A003FFBE4 /* Frameworks */,
				1CDF3A261A564A4A003FFBE4 /* Products */,
			);
			sourceTree = "<group>";
		};
		1CDF3A261A564A4A003FFBE4 /* Products */ = {
			isa = PBXGroup;
			children = (
				1CDF3A251A564A4A003FFBE4 /* assign6Mary.app */,
				1CDF3A491A564A4A003FFBE4 /* assign6MaryTests.xctest */,
			);
			name = Products;
			sourceTree = "<group>";
		};
		1CDF3A271A564A4A003FFBE4 /* Frameworks */ = {
			isa = PBXGroup;
			children = (
				1CDF3A281A564A4A003FFBE4 /* Foundation.framework */,
				1CDF3A2A1A564A4A003FFBE4 /* CoreGraphics.framework */,
				1CDF3A2C1A564A4A003FFBE4 /* UIKit.framework */,
				1CDF3A4A1A564A4A003FFBE4 /* XCTest.framework */,
			);
			name = Frameworks;
			sourceTree = "<group>";
		};
		1CDF3A2E1A564A4A003FFBE4 /* assign6Mary */ = {
			isa = PBXGroup;
			children = (
				1CDF3A371A564A4A003FFBE4 /* AppDelegate.h */,
				1CDF3A381A564A4A003FFBE4 /* AppDelegate.m */,
				1CDF3A3A1A564A4A003FFBE4 /* Main_iPhone.storyboard */,
				1CDF3A3D1A564A4A003FFBE4 /* Main_iPad.storyboard */,
				1CDF3A401A564A4A003FFBE4 /* ViewController.h */,
				1CDF3A411A564A4A003FFBE4 /* ViewController.m */,
				1CDF3A431A564A4A003FFBE4 /* Images.xcassets */,
				1CDF3A2F1A564A4A003FFBE4 /* Supporting Files */,
			);
			path = assign6Mary;
			sourceTree = "<group>";
		};
		1CDF3A2F1A564A4A003FFBE4 /* Supporting Files */ = {
			isa = PBXGroup;
			children = (
				1CDF3A301A564A4A003FFBE4 /* assign6Mary-Info.plist */,
				1CDF3A311A564A4A003FFBE4 /* InfoPlist.strings */,
				1CDF3A341A564A4A003FFBE4 /* main.m */,
				1CDF3A361A564A4A003FFBE4 /* assign6Mary-Prefix.pch */,
			);
			name = "Supporting Files";
			sourceTree = "<group>";
		};
		1CDF3A501A564A4A003FFBE4 /* assign6MaryTests */ = {
			isa = PBXGroup;
			children = (
				1CDF3A561A564A4A003FFBE4 /* assign6MaryTests.m */,
				1CDF3A511A564A4A003FFBE4 /* Supporting Files */,
			);
			path = assign6MaryTests;
			sourceTree = "<group>";
		};
		1CDF3A511A564A4A003FFBE4 /* Supporting Files */ = {
			isa = PBXGroup;
			children = (
				1CDF3A521A564A4A003FFBE4 /* assign6MaryTests-Info.plist */,
				1CDF3A531A564A4A003FFBE4 /* InfoPlist.strings */,
			);
			name = "Supporting Files";
			sourceTree = "<group>";
		};
/* End PBXGroup section */

/* Begin PBXNativeTarget section */
		1CDF3A241A564A4A003FFBE4 /* assign6Mary */ = {
			isa = PBXNativeTarget;
			buildConfigurationList = 1CDF3A5A1A564A4A003FFBE4 /* Build configuration list for PBXNativeTarget "assign6Mary" */;
			buildPhases = (
				1CDF3A211A564A4A003FFBE4 /* Sources */,
				1CDF3A221A564A4A003FFBE4 /* Frameworks */,
				1CDF3A231A564A4A003FFBE4 /* Resources */,
			);
			buildRules = (
			);
			dependencies = (
			);
			name = assign6Mary;
			productName = assign6Mary;
			productReference = 1CDF3A251A564A4A003FFBE4 /* assign6Mary.app */;
			productType = "com.apple.product-type.application";
		};
		1CDF3A481A564A4A003FFBE4 /* assign6MaryTests */ = {
			isa = PBXNativeTarget;
			buildConfigurationList = 1CDF3A5D1A564A4A003FFBE4 /* Build configuration list for PBXNativeTarget "assign6MaryTests" */;
			buildPhases = (
				1CDF3A451A564A4A003FFBE4 /* Sources */,
				1CDF3A461A564A4A003FFBE4 /* Frameworks */,
				1CDF3A471A564A4A003FFBE4 /* Resources */,
			);
			buildRules = (
			);
			dependencies = (
				1CDF3A4F1A564A4A003FFBE4 /* PBXTargetDependency */,
			);
			name = assign6MaryTests;
			productName = assign6MaryTests;
			productReference = 1CDF3A491A564A4A003FFBE4 /* assign6MaryTests.xctest */;
			productType = "com.apple.product-type.bundle.unit-test";
		};
/* End PBXNativeTarget section */

/* Begin PBXProject section */
		1CDF3A1D1A564A4A003FFBE4 /* Project object */ = {
			isa = PBXProject;
			attributes = {
				LastUpgradeCheck = 0510;
				ORGANIZATIONNAME = Mary;
				TargetAttributes = {
					1CDF3A481A564A4A003FFBE4 = {
						TestTargetID = 1CDF3A241A564A4A003FFBE4;
					};
				};
			};
			buildConfigurationList = 1CDF3A201A564A4A003FFBE4 /* Build configuration list for PBXProject "assign6Mary" */;
			compatibilityVersion = "Xcode 3.2";
			developmentRegion = English;
			hasScannedForEncodings = 0;
			knownRegions = (
				en,
				Base,
			);
			mainGroup = 1CDF3A1C1A564A4A003FFBE4;
			productRefGroup = 1CDF3A261A564A4A003FFBE4 /* Products */;
			projectDirPath = "";
			projectRoot = "";
			targets = (
				1CDF3A241A564A4A003FFBE4 /* assign6Mary */,
				1CDF3A481A564A4A003FFBE4 /* assign6MaryTests */,
			);
		};
/* End PBXProject section */

/* Begin PBXResourcesBuildPhase section */
		1CDF3A231A564A4A003FFBE4 /* Resources */ = {
			isa = PBXResourcesBuildPhase;
			buildActionMask = 2147483647;
			files = (
				1CDF3A3F1A564A4A003FFBE4 /* Main_iPad.storyboard in Resources */,
				1CDF3A441A564A4A003FFBE4 /* Images.xcassets in Resources */,
				1CDF3A3C1A564A4A003FFBE4 /* Main_iPhone.storyboard in Resources */,
				1CDF3A331A564A4A003FFBE4 /* InfoPlist.strings in Resources */,
			);
			runOnlyForDeploymentPostprocessing = 0;
		};
		1CDF3A471A564A4A003FFBE4 /* Resources */ = {
			isa = PBXResourcesBuildPhase;
			buildActionMask = 2147483647;
			files = (
				1CDF3A551A564A4A003FFBE4 /* InfoPlist.strings in Resources */,
			);
			runOnlyForDeploymentPostprocessing = 0;
		};
/* End PBXResourcesBuildPhase section */

/* Begin PBXSourcesBuildPhase section */
		1CDF3A211A564A4A003FFBE4 /* Sources */ = {
			isa = PBXSourcesBuildPhase;
			buildActionMask = 2147483647;
			files = (
				1CDF3A421A564A4A003FFBE4 /* ViewController.m in Sources */,
				1CDF3A391A564A4A003FFBE4 /* AppDelegate.m in Sources */,
				1CDF3A351A564A4A003FFBE4 /* main.m in Sources */,
			);
			runOnlyForDeploymentPostprocessing = 0;
		};
		1CDF3A451A564A4A003FFBE4 /* Sources */ = {
			isa = PBXSourcesBuildPhase;
			buildActionMask = 2147483647;
			files = (
				1CDF3A571A564A4A003FFBE4 /* assign6MaryTests.m in Sources */,
			);
			runOnlyForDeploymentPostprocessing = 0;
		};
/* End PBXSourcesBuildPhase section */

/* Begin PBXTargetDependency section */
		1CDF3A4F1A564A4A003FFBE4 /* PBXTargetDependency */ = {
			isa = PBXTargetDependency;
			target = 1CDF3A241A564A4A003FFBE4 /* assign6Mary */;
			targetProxy = 1CDF3A4E1A564A4A003FFBE4 /* PBXContainerItemProxy */;
		};
/* End PBXTargetDependency section */

/* Begin PBXVariantGroup section */
		1CDF3A311A564A4A003FFBE4 /* InfoPlist.strings */ = {
			isa = PBXVariantGroup;
			children = (
				1CDF3A321A564A4A003FFBE4 /* en */,
			);
			name = InfoPlist.strings;
			sourceTree = "<group>";
		};
		1CDF3A3A1A564A4A003FFBE4 /* Main_iPhone.storyboard */ = {
			isa = PBXVariantGroup;
			children = (
				1CDF3A3B1A564A4A003FFBE4 /* Base */,
			);
			name = Main_iPhone.storyboard;
			sourceTree = "<group>";
		};
		1CDF3A3D1A564A4A003FFBE4 /* Main_iPad.storyboard */ = {
			isa = PBXVariantGroup;
			children = (
				1CDF3A3E1A564A4A003FFBE4 /* Base */,
			);
			name = Main_iPad.storyboard;
			sourceTree = "<group>";
		};
		1CDF3A531A564A4A003FFBE4 /* InfoPlist.strings */ = {
			isa = PBXVariantGroup;
			children = (
				1CDF3A541A564A4A003FFBE4 /* en */,
			);
			name = InfoPlist.strings;
			sourceTree = "<group>";
		};
/* End PBXVariantGroup section */

/* Begin XCBuildConfiguration section */
		1CDF3A581A564A4A003FFBE4 /* Debug */ = {
			isa = XCBuildConfiguration;
			buildSettings = {
				ALWAYS_SEARCH_USER_PATHS = NO;
				CLANG_CXX_LANGUAGE_STANDARD = "gnu++0x";
				CLANG_CXX_LIBRARY = "libc++";
				CLANG_ENABLE_MODULES = YES;
				CLANG_ENABLE_OBJC_ARC = YES;
				CLANG_WARN_BOOL_CONVERSION = YES;
				CLANG_WARN_CONSTANT_CONVERSION = YES;
				CLANG_WARN_DIRECT_OBJC_ISA_USAGE = YES_ERROR;
				CLANG_WARN_EMPTY_BODY = YES;
				CLANG_WARN_ENUM_CONVERSION = YES;
				CLANG_WARN_INT_CONVERSION = YES;
				CLANG_WARN_OBJC_ROOT_CLASS = YES_ERROR;
				CLANG_WARN__DUPLICATE_METHOD_MATCH = YES;
				"CODE_SIGN_IDENTITY[sdk=iphoneos*]" = "iPhone Developer";
				COPY_PHASE_STRIP = NO;
				GCC_C_LANGUAGE_STANDARD = gnu99;
				GCC_DYNAMIC_NO_PIC = NO;
				GCC_OPTIMIZATION_LEVEL = 0;
				GCC_PREPROCESSOR_DEFINITIONS = (
					"DEBUG=1",
					"$(inherited)",
				);
				GCC_SYMBOLS_PRIVATE_EXTERN = NO;
				GCC_WARN_64_TO_32_BIT_CONVERSION = YES;
				GCC_WARN_ABOUT_RETURN_TYPE = YES_ERROR;
				GCC_WARN_UNDECLARED_SELECTOR = YES;
				GCC_WARN_UNINITIALIZED_AUTOS = YES_AGGRESSIVE;
				GCC_WARN_UNUSED_FUNCTION = YES;
				GCC_WARN_UNUSED_VARIABLE = YES;
				IPHONEOS_DEPLOYMENT_TARGET = 7.1;
				ONLY_ACTIVE_ARCH = YES;
				SDKROOT = iphoneos;
				TARGETED_DEVICE_FAMILY = "1,2";
			};
			name = Debug;
		};
		1CDF3A591A564A4A003FFBE4 /* Release */ = {
			isa = XCBuildConfiguration;
			buildSettings = {
				ALWAYS_SEARCH_USER_PATHS = NO;
				CLANG_CXX_LANGUAGE_STANDARD = "gnu++0x";
				CLANG_CXX_LIBRARY = "libc++";
				CLANG_ENABLE_MODULES = YES;
				CLANG_ENABLE_OBJC_ARC = YES;
				CLANG_WARN_BOOL_CONVERSION = YES;
				CLANG_WARN_CONSTANT_CONVERSION = YES;
				CLANG_WARN_DIRECT_OBJC_ISA_USAGE = YES_ERROR;
				CLANG_WARN_EMPTY_BODY = YES;
				CLANG_WARN_ENUM_CONVERSION = YES;
				CLANG_WARN_INT_CONVERSION = YES;
				CLANG_WARN_OBJC_ROOT_CLASS = YES_ERROR;
				CLANG_WARN__DUPLICATE_METHOD_MATCH = YES;
				"CODE_SIGN_IDENTITY[sdk=iphoneos*]" = "iPhone Developer";
				COPY_PHASE_STRIP = YES;
				ENABLE_NS_ASSERTIONS = NO;
				GCC_C_LANGUAGE_STANDARD = gnu99;
				GCC_WARN_64_TO_32_BIT_CONVERSION = YES;
				GCC_WARN_ABOUT_RETURN_TYPE = YES_ERROR;
				GCC_WARN_UNDECLARED_SELECTOR = YES;
				GCC_WARN_UNINITIALIZED_AUTOS = YES_AGGRESSIVE;
				GCC_WARN_UNUSED_FUNCTION = YES;
				GCC_WARN_UNUSED_VARIABLE = YES;
				IPHONEOS_DEPLOYMENT_TARGET = 7.1;
				SDKROOT = iphoneos;
				TARGETED_DEVICE_FAMILY = "1,2";
				VALIDATE_PRODUCT = YES;
			};
			name = Release;
		};
		1CDF3A5B1A564A4A003FFBE4 /* Debug */ = {
			isa = XCBuildConfiguration;
			buildSettings = {
				ASSETCATALOG_COMPILER_APPICON_NAME = AppIcon;
				ASSETCATALOG_COMPILER_LAUNCHIMAGE_NAME = LaunchImage;
				GCC_PRECOMPILE_PREFIX_HEADER = YES;
				GCC_PREFIX_HEADER = "assign6Mary/assign6Mary-Prefix.pch";
				INFOPLIST_FILE = "assign6Mary/assign6Mary-Info.plist";
				PRODUCT_NAME = "$(TARGET_NAME)";
				WRAPPER_EXTENSION = app;
			};
			name = Debug;
		};
		1CDF3A5C1A564A4A003FFBE4 /* Release */ = {
			isa = XCBuildConfiguration;
			buildSettings = {
				ASSETCATALOG_COMPILER_APPICON_NAME = AppIcon;
				ASSETCATALOG_COMPILER_LAUNCHIMAGE_NAME = LaunchImage;
				GCC_PRECOMPILE_PREFIX_HEADER = YES;
				GCC_PREFIX_HEADER = "assign6Mary/assign6Mary-Prefix.pch";
				INFOPLIST_FILE = "assign6Mary/assign6Mary-Info.plist";
				PRODUCT_NAME = "$(TARGET_NAME)";
				WRAPPER_EXTENSION = app;
			};
			name = Release;
		};
		1CDF3A5E1A564A4A003FFBE4 /* Debug */ = {
			isa = XCBuildConfiguration;
			buildSettings = {
				BUNDLE_LOADER = "$(BUILT_PRODUCTS_DIR)/assign6Mary.app/assign6Mary";
				FRAMEWORK_SEARCH_PATHS = (
					"$(SDKROOT)/Developer/Library/Frameworks",
					"$(inherited)",
					"$(DEVELOPER_FRAMEWORKS_DIR)",
				);
				GCC_PRECOMPILE_PREFIX_HEADER = YES;
				GCC_PREFIX_HEADER = "assign6Mary/assign6Mary-Prefix.pch";
				GCC_PREPROCESSOR_DEFINITIONS = (
					"DEBUG=1",
					"$(inherited)",
				);
				INFOPLIST_FILE = "assign6MaryTests/assign6MaryTests-Info.plist";
				PRODUCT_NAME = "$(TARGET_NAME)";
				TEST_HOST = "$(BUNDLE_LOADER)";
				WRAPPER_EXTENSION = xctest;
			};
			name = Debug;
		};
		1CDF3A5F1A564A4A003FFBE4 /* Release */ = {
			isa = XCBuildConfiguration;
			buildSettings = {
				BUNDLE_LOADER = "$(BUILT_PRODUCTS_DIR)/assign6Mary.app/assign6Mary";
				FRAMEWORK_SEARCH_PATHS = (
					"$(SDKROOT)/Developer/Library/Frameworks",
					"$(inherited)",
					"$(DEVELOPER_FRAMEWORKS_DIR)",
				);
				GCC_PRECOMPILE_PREFIX_HEADER = YES;
				GCC_PREFIX_HEADER = "assign6Mary/assign6Mary-Prefix.pch";
				INFOPLIST_FILE = "assign6MaryTests/assign6MaryTests-Info.plist";
				PRODUCT_NAME = "$(TARGET_NAME)";
				TEST_HOST = "$(BUNDLE_LOADER)";
				WRAPPER_EXTENSION = xctest;
			};
			name = Release;
		};
/* End XCBuildConfiguration section */

/* Begin XCConfigurationList section */
		1CDF3A201A564A4A003FFBE4 /* Build configuration list for PBXProject "assign6Mary" */ = {
			isa = XCConfigurationList;
			buildConfigurations = (
				1CDF3A581A564A4A003FFBE4 /* Debug */,
				1CDF3A591A564A4A003FFBE4 /* Release */,
			);
			defaultConfigurationIsVisible = 0;
			defaultConfigurationName = Release;
		};
		1CDF3A5A1A564A4A003FFBE4 /* Build configuration list for PBXNativeTarget "assign6Mary" */ = {
			isa = XCConfigurationList;
			buildConfigurations = (
				1CDF3A5B1A564A4A003FFBE4 /* Debug */,
				1CDF3A5C1A564A4A003FFBE4 /* Release */,
			);
			defaultConfigurationIsVisible = 0;
		};
		1CDF3A5D1A564A4A003FFBE4 /* Build configuration list for PBXNativeTarget "assign6MaryTests" */ = {
			isa = XCConfigurationList;
			buildConfigurations = (
				1CDF3A5E1A564A4A003FFBE4 /* Debug */,
				1CDF3A5F1A564A4A003FFBE4 /* Release */,
			);
			defaultConfigurationIsVisible = 0;
		};
/* End XCConfigurationList section */
	};
	rootObject = 1CDF3A1D1A564A4A003FFBE4 /* Project object */;
}
