// !$*UTF8*$!
{
	archiveVersion = 1;
	classes = {
	};
	objectVersion = 46;
	objects = {

/* Begin PBXBuildFile section */
		E9D228771A5AE649001DABCE /* main.m in Sources */ = {isa = PBXBuildFile; fileRef = E9D228761A5AE649001DABCE /* main.m */; };
		E9D2287A1A5AE649001DABCE /* AppDelegate.m in Sources */ = {isa = PBXBuildFile; fileRef = E9D228791A5AE649001DABCE /* AppDelegate.m */; };
		E9D228821A5AE649001DABCE /* Images.xcassets in Resources */ = {isa = PBXBuildFile; fileRef = E9D228811A5AE649001DABCE /* Images.xcassets */; };
		E9D228851A5AE649001DABCE /* LaunchScreen.xib in Resources */ = {isa = PBXBuildFile; fileRef = E9D228831A5AE649001DABCE /* LaunchScreen.xib */; };
		E9D228911A5AE649001DABCE /* assign7CharlesTests.m in Sources */ = {isa = PBXBuildFile; fileRef = E9D228901A5AE649001DABCE /* assign7CharlesTests.m */; };
		E9D2289C1A5AE68B001DABCE /* PhotosTableViewController.m in Sources */ = {isa = PBXBuildFile; fileRef = E9D2289B1A5AE68B001DABCE /* PhotosTableViewController.m */; };
		E9D2289F1A5AE699001DABCE /* DetailViewController.m in Sources */ = {isa = PBXBuildFile; fileRef = E9D2289E1A5AE699001DABCE /* DetailViewController.m */; };
		E9D228A21A5AE69F001DABCE /* InfoViewController.m in Sources */ = {isa = PBXBuildFile; fileRef = E9D228A11A5AE69F001DABCE /* InfoViewController.m */; };
		E9FC01BE1A5AE889002E08FA /* Photo.m in Sources */ = {isa = PBXBuildFile; fileRef = E9FC01BD1A5AE889002E08FA /* Photo.m */; };
		E9FC01C01A5AEED8002E08FA /* Main.storyboard in Resources */ = {isa = PBXBuildFile; fileRef = E9FC01BF1A5AEED8002E08FA /* Main.storyboard */; };
/* End PBXBuildFile section */

/* Begin PBXContainerItemProxy section */
		E9D2288B1A5AE649001DABCE /* PBXContainerItemProxy */ = {
			isa = PBXContainerItemProxy;
			containerPortal = E9D228691A5AE649001DABCE /* Project object */;
			proxyType = 1;
			remoteGlobalIDString = E9D228701A5AE649001DABCE;
			remoteInfo = assign7Charles;
		};
/* End PBXContainerItemProxy section */

/* Begin PBXFileReference section */
		E9D228711A5AE649001DABCE /* assign7Charles.app */ = {isa = PBXFileReference; explicitFileType = wrapper.application; includeInIndex = 0; path = assign7Charles.app; sourceTree = BUILT_PRODUCTS_DIR; };
		E9D228751A5AE649001DABCE /* Info.plist */ = {isa = PBXFileReference; lastKnownFileType = text.plist.xml; path = Info.plist; sourceTree = "<group>"; };
		E9D228761A5AE649001DABCE /* main.m */ = {isa = PBXFileReference; lastKnownFileType = sourcecode.c.objc; path = main.m; sourceTree = "<group>"; };
		E9D228781A5AE649001DABCE /* AppDelegate.h */ = {isa = PBXFileReference; lastKnownFileType = sourcecode.c.h; path = AppDelegate.h; sourceTree = "<group>"; };
		E9D228791A5AE649001DABCE /* AppDelegate.m */ = {isa = PBXFileReference; lastKnownFileType = sourcecode.c.objc; path = AppDelegate.m; sourceTree = "<group>"; };
		E9D228811A5AE649001DABCE /* Images.xcassets */ = {isa = PBXFileReference; lastKnownFileType = folder.assetcatalog; path = Images.xcassets; sourceTree = "<group>"; };
		E9D228841A5AE649001DABCE /* Base */ = {isa = PBXFileReference; lastKnownFileType = file.xib; name = Base; path = Base.lproj/LaunchScreen.xib; sourceTree = "<group>"; };
		E9D2288A1A5AE649001DABCE /* assign7CharlesTests.xctest */ = {isa = PBXFileReference; explicitFileType = wrapper.cfbundle; includeInIndex = 0; path = assign7CharlesTests.xctest; sourceTree = BUILT_PRODUCTS_DIR; };
		E9D2288F1A5AE649001DABCE /* Info.plist */ = {isa = PBXFileReference; lastKnownFileType = text.plist.xml; path = Info.plist; sourceTree = "<group>"; };
		E9D228901A5AE649001DABCE /* assign7CharlesTests.m */ = {isa = PBXFileReference; lastKnownFileType = sourcecode.c.objc; path = assign7CharlesTests.m; sourceTree = "<group>"; };
		E9D2289A1A5AE68B001DABCE /* PhotosTableViewController.h */ = {isa = PBXFileReference; fileEncoding = 4; lastKnownFileType = sourcecode.c.h; path = PhotosTableViewController.h; sourceTree = "<group>"; };
		E9D2289B1A5AE68B001DABCE /* PhotosTableViewController.m */ = {isa = PBXFileReference; fileEncoding = 4; lastKnownFileType = sourcecode.c.objc; path = PhotosTableViewController.m; sourceTree = "<group>"; };
		E9D2289D1A5AE699001DABCE /* DetailViewController.h */ = {isa = PBXFileReference; fileEncoding = 4; lastKnownFileType = sourcecode.c.h; path = DetailViewController.h; sourceTree = "<group>"; };
		E9D2289E1A5AE699001DABCE /* DetailViewController.m */ = {isa = PBXFileReference; fileEncoding = 4; lastKnownFileType = sourcecode.c.objc; path = DetailViewController.m; sourceTree = "<group>"; };
		E9D228A01A5AE69F001DABCE /* InfoViewController.h */ = {isa = PBXFileReference; fileEncoding = 4; lastKnownFileType = sourcecode.c.h; path = InfoViewController.h; sourceTree = "<group>"; };
		E9D228A11A5AE69F001DABCE /* InfoViewController.m */ = {isa = PBXFileReference; fileEncoding = 4; lastKnownFileType = sourcecode.c.objc; path = InfoViewController.m; sourceTree = "<group>"; };
		E9FC01BC1A5AE889002E08FA /* Photo.h */ = {isa = PBXFileReference; fileEncoding = 4; lastKnownFileType = sourcecode.c.h; path = Photo.h; sourceTree = "<group>"; };
		E9FC01BD1A5AE889002E08FA /* Photo.m */ = {isa = PBXFileReference; fileEncoding = 4; lastKnownFileType = sourcecode.c.objc; path = Photo.m; sourceTree = "<group>"; };
		E9FC01BF1A5AEED8002E08FA /* Main.storyboard */ = {isa = PBXFileReference; fileEncoding = 4; lastKnownFileType = file.storyboard; path = Main.storyboard; sourceTree = "<group>"; };
/* End PBXFileReference section */

/* Begin PBXFrameworksBuildPhase section */
		E9D2286E1A5AE649001DABCE /* Frameworks */ = {
			isa = PBXFrameworksBuildPhase;
			buildActionMask = 2147483647;
			files = (
			);
			runOnlyForDeploymentPostprocessing = 0;
		};
		E9D228871A5AE649001DABCE /* Frameworks */ = {
			isa = PBXFrameworksBuildPhase;
			buildActionMask = 2147483647;
			files = (
			);
			runOnlyForDeploymentPostprocessing = 0;
		};
/* End PBXFrameworksBuildPhase section */

/* Begin PBXGroup section */
		E9D228681A5AE649001DABCE = {
			isa = PBXGroup;
			children = (
				E9D228731A5AE649001DABCE /* assign7Charles */,
				E9D2288D1A5AE649001DABCE /* assign7CharlesTests */,
				E9D228721A5AE649001DABCE /* Products */,
			);
			sourceTree = "<group>";
		};
		E9D228721A5AE649001DABCE /* Products */ = {
			isa = PBXGroup;
			children = (
				E9D228711A5AE649001DABCE /* assign7Charles.app */,
				E9D2288A1A5AE649001DABCE /* assign7CharlesTests.xctest */,
			);
			name = Products;
			sourceTree = "<group>";
		};
		E9D228731A5AE649001DABCE /* assign7Charles */ = {
			isa = PBXGroup;
			children = (
				E9D228781A5AE649001DABCE /* AppDelegate.h */,
				E9D228791A5AE649001DABCE /* AppDelegate.m */,
				E9D2289A1A5AE68B001DABCE /* PhotosTableViewController.h */,
				E9D2289B1A5AE68B001DABCE /* PhotosTableViewController.m */,
				E9FC01BF1A5AEED8002E08FA /* Main.storyboard */,
				E9FC01BC1A5AE889002E08FA /* Photo.h */,
				E9FC01BD1A5AE889002E08FA /* Photo.m */,
				E9D2289D1A5AE699001DABCE /* DetailViewController.h */,
				E9D2289E1A5AE699001DABCE /* DetailViewController.m */,
				E9D228A01A5AE69F001DABCE /* InfoViewController.h */,
				E9D228A11A5AE69F001DABCE /* InfoViewController.m */,
				E9D228811A5AE649001DABCE /* Images.xcassets */,
				E9D228831A5AE649001DABCE /* LaunchScreen.xib */,
				E9D228741A5AE649001DABCE /* Supporting Files */,
			);
			path = assign7Charles;
			sourceTree = "<group>";
		};
		E9D228741A5AE649001DABCE /* Supporting Files */ = {
			isa = PBXGroup;
			children = (
				E9D228751A5AE649001DABCE /* Info.plist */,
				E9D228761A5AE649001DABCE /* main.m */,
			);
			name = "Supporting Files";
			sourceTree = "<group>";
		};
		E9D2288D1A5AE649001DABCE /* assign7CharlesTests */ = {
			isa = PBXGroup;
			children = (
				E9D228901A5AE649001DABCE /* assign7CharlesTests.m */,
				E9D2288E1A5AE649001DABCE /* Supporting Files */,
			);
			path = assign7CharlesTests;
			sourceTree = "<group>";
		};
		E9D2288E1A5AE649001DABCE /* Supporting Files */ = {
			isa = PBXGroup;
			children = (
				E9D2288F1A5AE649001DABCE /* Info.plist */,
			);
			name = "Supporting Files";
			sourceTree = "<group>";
		};
/* End PBXGroup section */

/* Begin PBXNativeTarget section */
		E9D228701A5AE649001DABCE /* assign7Charles */ = {
			isa = PBXNativeTarget;
			buildConfigurationList = E9D228941A5AE649001DABCE /* Build configuration list for PBXNativeTarget "assign7Charles" */;
			buildPhases = (
				E9D2286D1A5AE649001DABCE /* Sources */,
				E9D2286E1A5AE649001DABCE /* Frameworks */,
				E9D2286F1A5AE649001DABCE /* Resources */,
			);
			buildRules = (
			);
			dependencies = (
			);
			name = assign7Charles;
			productName = assign7Charles;
			productReference = E9D228711A5AE649001DABCE /* assign7Charles.app */;
			productType = "com.apple.product-type.application";
		};
		E9D228891A5AE649001DABCE /* assign7CharlesTests */ = {
			isa = PBXNativeTarget;
			buildConfigurationList = E9D228971A5AE649001DABCE /* Build configuration list for PBXNativeTarget "assign7CharlesTests" */;
			buildPhases = (
				E9D228861A5AE649001DABCE /* Sources */,
				E9D228871A5AE649001DABCE /* Frameworks */,
				E9D228881A5AE649001DABCE /* Resources */,
			);
			buildRules = (
			);
			dependencies = (
				E9D2288C1A5AE649001DABCE /* PBXTargetDependency */,
			);
			name = assign7CharlesTests;
			productName = assign7CharlesTests;
			productReference = E9D2288A1A5AE649001DABCE /* assign7CharlesTests.xctest */;
			productType = "com.apple.product-type.bundle.unit-test";
		};
/* End PBXNativeTarget section */

/* Begin PBXProject section */
		E9D228691A5AE649001DABCE /* Project object */ = {
			isa = PBXProject;
			attributes = {
				LastUpgradeCheck = 0610;
				ORGANIZATIONNAME = "Charles Shinaver";
				TargetAttributes = {
					E9D228701A5AE649001DABCE = {
						CreatedOnToolsVersion = 6.1.1;
					};
					E9D228891A5AE649001DABCE = {
						CreatedOnToolsVersion = 6.1.1;
						TestTargetID = E9D228701A5AE649001DABCE;
					};
				};
			};
			buildConfigurationList = E9D2286C1A5AE649001DABCE /* Build configuration list for PBXProject "assign7Charles" */;
			compatibilityVersion = "Xcode 3.2";
			developmentRegion = English;
			hasScannedForEncodings = 0;
			knownRegions = (
				en,
				Base,
			);
			mainGroup = E9D228681A5AE649001DABCE;
			productRefGroup = E9D228721A5AE649001DABCE /* Products */;
			projectDirPath = "";
			projectRoot = "";
			targets = (
				E9D228701A5AE649001DABCE /* assign7Charles */,
				E9D228891A5AE649001DABCE /* assign7CharlesTests */,
			);
		};
/* End PBXProject section */

/* Begin PBXResourcesBuildPhase section */
		E9D2286F1A5AE649001DABCE /* Resources */ = {
			isa = PBXResourcesBuildPhase;
			buildActionMask = 2147483647;
			files = (
				E9D228851A5AE649001DABCE /* LaunchScreen.xib in Resources */,
				E9D228821A5AE649001DABCE /* Images.xcassets in Resources */,
				E9FC01C01A5AEED8002E08FA /* Main.storyboard in Resources */,
			);
			runOnlyForDeploymentPostprocessing = 0;
		};
		E9D228881A5AE649001DABCE /* Resources */ = {
			isa = PBXResourcesBuildPhase;
			buildActionMask = 2147483647;
			files = (
			);
			runOnlyForDeploymentPostprocessing = 0;
		};
/* End PBXResourcesBuildPhase section */

/* Begin PBXSourcesBuildPhase section */
		E9D2286D1A5AE649001DABCE /* Sources */ = {
			isa = PBXSourcesBuildPhase;
			buildActionMask = 2147483647;
			files = (
				E9FC01BE1A5AE889002E08FA /* Photo.m in Sources */,
				E9D2287A1A5AE649001DABCE /* AppDelegate.m in Sources */,
				E9D228771A5AE649001DABCE /* main.m in Sources */,
				E9D2289C1A5AE68B001DABCE /* PhotosTableViewController.m in Sources */,
				E9D228A21A5AE69F001DABCE /* InfoViewController.m in Sources */,
				E9D2289F1A5AE699001DABCE /* DetailViewController.m in Sources */,
			);
			runOnlyForDeploymentPostprocessing = 0;
		};
		E9D228861A5AE649001DABCE /* Sources */ = {
			isa = PBXSourcesBuildPhase;
			buildActionMask = 2147483647;
			files = (
				E9D228911A5AE649001DABCE /* assign7CharlesTests.m in Sources */,
			);
			runOnlyForDeploymentPostprocessing = 0;
		};
/* End PBXSourcesBuildPhase section */

/* Begin PBXTargetDependency section */
		E9D2288C1A5AE649001DABCE /* PBXTargetDependency */ = {
			isa = PBXTargetDependency;
			target = E9D228701A5AE649001DABCE /* assign7Charles */;
			targetProxy = E9D2288B1A5AE649001DABCE /* PBXContainerItemProxy */;
		};
/* End PBXTargetDependency section */

/* Begin PBXVariantGroup section */
		E9D228831A5AE649001DABCE /* LaunchScreen.xib */ = {
			isa = PBXVariantGroup;
			children = (
				E9D228841A5AE649001DABCE /* Base */,
			);
			name = LaunchScreen.xib;
			sourceTree = "<group>";
		};
/* End PBXVariantGroup section */

/* Begin XCBuildConfiguration section */
		E9D228921A5AE649001DABCE /* Debug */ = {
			isa = XCBuildConfiguration;
			buildSettings = {
				ALWAYS_SEARCH_USER_PATHS = NO;
				CLANG_CXX_LANGUAGE_STANDARD = "gnu++0x";
				CLANG_CXX_LIBRARY = "libc++";
				CLANG_ENABLE_MODULES = YES;
				CLANG_ENABLE_OBJC_ARC = YES;
				CLANG_WARN_BOOL_CONVERSION = YES;
				CLANG_WARN_CONSTANT_CONVERSION = YES;
				CLANG_WARN_DIRECT_OBJC_ISA_USAGE = YES_ERROR;
				CLANG_WARN_EMPTY_BODY = YES;
				CLANG_WARN_ENUM_CONVERSION = YES;
				CLANG_WARN_INT_CONVERSION = YES;
				CLANG_WARN_OBJC_ROOT_CLASS = YES_ERROR;
				CLANG_WARN_UNREACHABLE_CODE = YES;
				CLANG_WARN__DUPLICATE_METHOD_MATCH = YES;
				"CODE_SIGN_IDENTITY[sdk=iphoneos*]" = "iPhone Developer";
				COPY_PHASE_STRIP = NO;
				ENABLE_STRICT_OBJC_MSGSEND = YES;
				GCC_C_LANGUAGE_STANDARD = gnu99;
				GCC_DYNAMIC_NO_PIC = NO;
				GCC_OPTIMIZATION_LEVEL = 0;
				GCC_PREPROCESSOR_DEFINITIONS = (
					"DEBUG=1",
					"$(inherited)",
				);
				GCC_SYMBOLS_PRIVATE_EXTERN = NO;
				GCC_WARN_64_TO_32_BIT_CONVERSION = YES;
				GCC_WARN_ABOUT_RETURN_TYPE = YES_ERROR;
				GCC_WARN_UNDECLARED_SELECTOR = YES;
				GCC_WARN_UNINITIALIZED_AUTOS = YES_AGGRESSIVE;
				GCC_WARN_UNUSED_FUNCTION = YES;
				GCC_WARN_UNUSED_VARIABLE = YES;
				IPHONEOS_DEPLOYMENT_TARGET = 8.1;
				MTL_ENABLE_DEBUG_INFO = YES;
				ONLY_ACTIVE_ARCH = YES;
				SDKROOT = iphoneos;
			};
			name = Debug;
		};
		E9D228931A5AE649001DABCE /* Release */ = {
			isa = XCBuildConfiguration;
			buildSettings = {
				ALWAYS_SEARCH_USER_PATHS = NO;
				CLANG_CXX_LANGUAGE_STANDARD = "gnu++0x";
				CLANG_CXX_LIBRARY = "libc++";
				CLANG_ENABLE_MODULES = YES;
				CLANG_ENABLE_OBJC_ARC = YES;
				CLANG_WARN_BOOL_CONVERSION = YES;
				CLANG_WARN_CONSTANT_CONVERSION = YES;
				CLANG_WARN_DIRECT_OBJC_ISA_USAGE = YES_ERROR;
				CLANG_WARN_EMPTY_BODY = YES;
				CLANG_WARN_ENUM_CONVERSION = YES;
				CLANG_WARN_INT_CONVERSION = YES;
				CLANG_WARN_OBJC_ROOT_CLASS = YES_ERROR;
				CLANG_WARN_UNREACHABLE_CODE = YES;
				CLANG_WARN__DUPLICATE_METHOD_MATCH = YES;
				"CODE_SIGN_IDENTITY[sdk=iphoneos*]" = "iPhone Developer";
				COPY_PHASE_STRIP = YES;
				ENABLE_NS_ASSERTIONS = NO;
				ENABLE_STRICT_OBJC_MSGSEND = YES;
				GCC_C_LANGUAGE_STANDARD = gnu99;
				GCC_WARN_64_TO_32_BIT_CONVERSION = YES;
				GCC_WARN_ABOUT_RETURN_TYPE = YES_ERROR;
				GCC_WARN_UNDECLARED_SELECTOR = YES;
				GCC_WARN_UNINITIALIZED_AUTOS = YES_AGGRESSIVE;
				GCC_WARN_UNUSED_FUNCTION = YES;
				GCC_WARN_UNUSED_VARIABLE = YES;
				IPHONEOS_DEPLOYMENT_TARGET = 8.1;
				MTL_ENABLE_DEBUG_INFO = NO;
				SDKROOT = iphoneos;
				VALIDATE_PRODUCT = YES;
			};
			name = Release;
		};
		E9D228951A5AE649001DABCE /* Debug */ = {
			isa = XCBuildConfiguration;
			buildSettings = {
				ASSETCATALOG_COMPILER_APPICON_NAME = AppIcon;
				INFOPLIST_FILE = assign7Charles/Info.plist;
				LD_RUNPATH_SEARCH_PATHS = "$(inherited) @executable_path/Frameworks";
				PRODUCT_NAME = "$(TARGET_NAME)";
			};
			name = Debug;
		};
		E9D228961A5AE649001DABCE /* Release */ = {
			isa = XCBuildConfiguration;
			buildSettings = {
				ASSETCATALOG_COMPILER_APPICON_NAME = AppIcon;
				INFOPLIST_FILE = assign7Charles/Info.plist;
				LD_RUNPATH_SEARCH_PATHS = "$(inherited) @executable_path/Frameworks";
				PRODUCT_NAME = "$(TARGET_NAME)";
			};
			name = Release;
		};
		E9D228981A5AE649001DABCE /* Debug */ = {
			isa = XCBuildConfiguration;
			buildSettings = {
				BUNDLE_LOADER = "$(TEST_HOST)";
				FRAMEWORK_SEARCH_PATHS = (
					"$(SDKROOT)/Developer/Library/Frameworks",
					"$(inherited)",
				);
				GCC_PREPROCESSOR_DEFINITIONS = (
					"DEBUG=1",
					"$(inherited)",
				);
				INFOPLIST_FILE = assign7CharlesTests/Info.plist;
				LD_RUNPATH_SEARCH_PATHS = "$(inherited) @executable_path/Frameworks @loader_path/Frameworks";
				PRODUCT_NAME = "$(TARGET_NAME)";
				TEST_HOST = "$(BUILT_PRODUCTS_DIR)/assign7Charles.app/assign7Charles";
			};
			name = Debug;
		};
		E9D228991A5AE649001DABCE /* Release */ = {
			isa = XCBuildConfiguration;
			buildSettings = {
				BUNDLE_LOADER = "$(TEST_HOST)";
				FRAMEWORK_SEARCH_PATHS = (
					"$(SDKROOT)/Developer/Library/Frameworks",
					"$(inherited)",
				);
				INFOPLIST_FILE = assign7CharlesTests/Info.plist;
				LD_RUNPATH_SEARCH_PATHS = "$(inherited) @executable_path/Frameworks @loader_path/Frameworks";
				PRODUCT_NAME = "$(TARGET_NAME)";
				TEST_HOST = "$(BUILT_PRODUCTS_DIR)/assign7Charles.app/assign7Charles";
			};
			name = Release;
		};
/* End XCBuildConfiguration section */

/* Begin XCConfigurationList section */
		E9D2286C1A5AE649001DABCE /* Build configuration list for PBXProject "assign7Charles" */ = {
			isa = XCConfigurationList;
			buildConfigurations = (
				E9D228921A5AE649001DABCE /* Debug */,
				E9D228931A5AE649001DABCE /* Release */,
			);
			defaultConfigurationIsVisible = 0;
			defaultConfigurationName = Release;
		};
		E9D228941A5AE649001DABCE /* Build configuration list for PBXNativeTarget "assign7Charles" */ = {
			isa = XCConfigurationList;
			buildConfigurations = (
				E9D228951A5AE649001DABCE /* Debug */,
				E9D228961A5AE649001DABCE /* Release */,
			);
			defaultConfigurationIsVisible = 0;
			defaultConfigurationName = Release;
		};
		E9D228971A5AE649001DABCE /* Build configuration list for PBXNativeTarget "assign7CharlesTests" */ = {
			isa = XCConfigurationList;
			buildConfigurations = (
				E9D228981A5AE649001DABCE /* Debug */,
				E9D228991A5AE649001DABCE /* Release */,
			);
			defaultConfigurationIsVisible = 0;
			defaultConfigurationName = Release;
		};
/* End XCConfigurationList section */
	};
	rootObject = E9D228691A5AE649001DABCE /* Project object */;
}
