// !$*UTF8*$!
{
	archiveVersion = 1;
	classes = {
	};
	objectVersion = 46;
	objects = {

/* Begin PBXBuildFile section */
		C874586C1A4F66FB00614D1B /* main.m in Sources */ = {isa = PBXBuildFile; fileRef = C874586B1A4F66FB00614D1B /* main.m */; };
		C87458741A4F696900614D1B /* CompSciStudent.m in Sources */ = {isa = PBXBuildFile; fileRef = C87458731A4F696900614D1B /* CompSciStudent.m */; };
/* End PBXBuildFile section */

/* Begin PBXCopyFilesBuildPhase section */
		C87458661A4F66FB00614D1B /* CopyFiles */ = {
			isa = PBXCopyFilesBuildPhase;
			buildActionMask = 2147483647;
			dstPath = /usr/share/man/man1/;
			dstSubfolderSpec = 0;
			files = (
			);
			runOnlyForDeploymentPostprocessing = 1;
		};
/* End PBXCopyFilesBuildPhase section */

/* Begin PBXFileReference section */
		C87458681A4F66FB00614D1B /* assignment4Ryan */ = {isa = PBXFileReference; explicitFileType = "compiled.mach-o.executable"; includeInIndex = 0; path = assignment4Ryan; sourceTree = BUILT_PRODUCTS_DIR; };
		C874586B1A4F66FB00614D1B /* main.m */ = {isa = PBXFileReference; lastKnownFileType = sourcecode.c.objc; path = main.m; sourceTree = "<group>"; };
		C87458721A4F696900614D1B /* CompSciStudent.h */ = {isa = PBXFileReference; fileEncoding = 4; lastKnownFileType = sourcecode.c.h; path = CompSciStudent.h; sourceTree = "<group>"; };
		C87458731A4F696900614D1B /* CompSciStudent.m */ = {isa = PBXFileReference; fileEncoding = 4; lastKnownFileType = sourcecode.c.objc; path = CompSciStudent.m; sourceTree = "<group>"; };
/* End PBXFileReference section */

/* Begin PBXFrameworksBuildPhase section */
		C87458651A4F66FB00614D1B /* Frameworks */ = {
			isa = PBXFrameworksBuildPhase;
			buildActionMask = 2147483647;
			files = (
			);
			runOnlyForDeploymentPostprocessing = 0;
		};
/* End PBXFrameworksBuildPhase section */

/* Begin PBXGroup section */
		C874585F1A4F66FB00614D1B = {
			isa = PBXGroup;
			children = (
				C874586A1A4F66FB00614D1B /* assignment4Ryan */,
				C87458691A4F66FB00614D1B /* Products */,
			);
			sourceTree = "<group>";
		};
		C87458691A4F66FB00614D1B /* Products */ = {
			isa = PBXGroup;
			children = (
				C87458681A4F66FB00614D1B /* assignment4Ryan */,
			);
			name = Products;
			sourceTree = "<group>";
		};
		C874586A1A4F66FB00614D1B /* assignment4Ryan */ = {
			isa = PBXGroup;
			children = (
				C874586B1A4F66FB00614D1B /* main.m */,
				C87458721A4F696900614D1B /* CompSciStudent.h */,
				C87458731A4F696900614D1B /* CompSciStudent.m */,
			);
			path = assignment4Ryan;
			sourceTree = "<group>";
		};
/* End PBXGroup section */

/* Begin PBXNativeTarget section */
		C87458671A4F66FB00614D1B /* assignment4Ryan */ = {
			isa = PBXNativeTarget;
			buildConfigurationList = C874586F1A4F66FB00614D1B /* Build configuration list for PBXNativeTarget "assignment4Ryan" */;
			buildPhases = (
				C87458641A4F66FB00614D1B /* Sources */,
				C87458651A4F66FB00614D1B /* Frameworks */,
				C87458661A4F66FB00614D1B /* CopyFiles */,
			);
			buildRules = (
			);
			dependencies = (
			);
			name = assignment4Ryan;
			productName = assignment4Ryan;
			productReference = C87458681A4F66FB00614D1B /* assignment4Ryan */;
			productType = "com.apple.product-type.tool";
		};
/* End PBXNativeTarget section */

/* Begin PBXProject section */
		C87458601A4F66FB00614D1B /* Project object */ = {
			isa = PBXProject;
			attributes = {
				LastUpgradeCheck = 0610;
				ORGANIZATIONNAME = "Ryan Busk";
				TargetAttributes = {
					C87458671A4F66FB00614D1B = {
						CreatedOnToolsVersion = 6.1.1;
					};
				};
			};
			buildConfigurationList = C87458631A4F66FB00614D1B /* Build configuration list for PBXProject "assignment4Ryan" */;
			compatibilityVersion = "Xcode 3.2";
			developmentRegion = English;
			hasScannedForEncodings = 0;
			knownRegions = (
				en,
			);
			mainGroup = C874585F1A4F66FB00614D1B;
			productRefGroup = C87458691A4F66FB00614D1B /* Products */;
			projectDirPath = "";
			projectRoot = "";
			targets = (
				C87458671A4F66FB00614D1B /* assignment4Ryan */,
			);
		};
/* End PBXProject section */

/* Begin PBXSourcesBuildPhase section */
		C87458641A4F66FB00614D1B /* Sources */ = {
			isa = PBXSourcesBuildPhase;
			buildActionMask = 2147483647;
			files = (
				C87458741A4F696900614D1B /* CompSciStudent.m in Sources */,
				C874586C1A4F66FB00614D1B /* main.m in Sources */,
			);
			runOnlyForDeploymentPostprocessing = 0;
		};
/* End PBXSourcesBuildPhase section */

/* Begin XCBuildConfiguration section */
		C874586D1A4F66FB00614D1B /* Debug */ = {
			isa = XCBuildConfiguration;
			buildSettings = {
				ALWAYS_SEARCH_USER_PATHS = NO;
				CLANG_CXX_LANGUAGE_STANDARD = "gnu++0x";
				CLANG_CXX_LIBRARY = "libc++";
				CLANG_ENABLE_MODULES = YES;
				CLANG_ENABLE_OBJC_ARC = YES;
				CLANG_WARN_BOOL_CONVERSION = YES;
				CLANG_WARN_CONSTANT_CONVERSION = YES;
				CLANG_WARN_DIRECT_OBJC_ISA_USAGE = YES_ERROR;
				CLANG_WARN_EMPTY_BODY = YES;
				CLANG_WARN_ENUM_CONVERSION = YES;
				CLANG_WARN_INT_CONVERSION = YES;
				CLANG_WARN_OBJC_ROOT_CLASS = YES_ERROR;
				CLANG_WARN_UNREACHABLE_CODE = YES;
				CLANG_WARN__DUPLICATE_METHOD_MATCH = YES;
				COPY_PHASE_STRIP = NO;
				ENABLE_STRICT_OBJC_MSGSEND = YES;
				GCC_C_LANGUAGE_STANDARD = gnu99;
				GCC_DYNAMIC_NO_PIC = NO;
				GCC_OPTIMIZATION_LEVEL = 0;
				GCC_PREPROCESSOR_DEFINITIONS = (
					"DEBUG=1",
					"$(inherited)",
				);
				GCC_SYMBOLS_PRIVATE_EXTERN = NO;
				GCC_WARN_64_TO_32_BIT_CONVERSION = YES;
				GCC_WARN_ABOUT_RETURN_TYPE = YES_ERROR;
				GCC_WARN_UNDECLARED_SELECTOR = YES;
				GCC_WARN_UNINITIALIZED_AUTOS = YES_AGGRESSIVE;
				GCC_WARN_UNUSED_FUNCTION = YES;
				GCC_WARN_UNUSED_VARIABLE = YES;
				MACOSX_DEPLOYMENT_TARGET = 10.9;
				MTL_ENABLE_DEBUG_INFO = YES;
				ONLY_ACTIVE_ARCH = YES;
				SDKROOT = macosx;
			};
			name = Debug;
		};
		C874586E1A4F66FB00614D1B /* Release */ = {
			isa = XCBuildConfiguration;
			buildSettings = {
				ALWAYS_SEARCH_USER_PATHS = NO;
				CLANG_CXX_LANGUAGE_STANDARD = "gnu++0x";
				CLANG_CXX_LIBRARY = "libc++";
				CLANG_ENABLE_MODULES = YES;
				CLANG_ENABLE_OBJC_ARC = YES;
				CLANG_WARN_BOOL_CONVERSION = YES;
				CLANG_WARN_CONSTANT_CONVERSION = YES;
				CLANG_WARN_DIRECT_OBJC_ISA_USAGE = YES_ERROR;
				CLANG_WARN_EMPTY_BODY = YES;
				CLANG_WARN_ENUM_CONVERSION = YES;
				CLANG_WARN_INT_CONVERSION = YES;
				CLANG_WARN_OBJC_ROOT_CLASS = YES_ERROR;
				CLANG_WARN_UNREACHABLE_CODE = YES;
				CLANG_WARN__DUPLICATE_METHOD_MATCH = YES;
				COPY_PHASE_STRIP = YES;
				DEBUG_INFORMATION_FORMAT = "dwarf-with-dsym";
				ENABLE_NS_ASSERTIONS = NO;
				ENABLE_STRICT_OBJC_MSGSEND = YES;
				GCC_C_LANGUAGE_STANDARD = gnu99;
				GCC_WARN_64_TO_32_BIT_CONVERSION = YES;
				GCC_WARN_ABOUT_RETURN_TYPE = YES_ERROR;
				GCC_WARN_UNDECLARED_SELECTOR = YES;
				GCC_WARN_UNINITIALIZED_AUTOS = YES_AGGRESSIVE;
				GCC_WARN_UNUSED_FUNCTION = YES;
				GCC_WARN_UNUSED_VARIABLE = YES;
				MACOSX_DEPLOYMENT_TARGET = 10.9;
				MTL_ENABLE_DEBUG_INFO = NO;
				SDKROOT = macosx;
			};
			name = Release;
		};
		C87458701A4F66FB00614D1B /* Debug */ = {
			isa = XCBuildConfiguration;
			buildSettings = {
				PRODUCT_NAME = "$(TARGET_NAME)";
			};
			name = Debug;
		};
		C87458711A4F66FB00614D1B /* Release */ = {
			isa = XCBuildConfiguration;
			buildSettings = {
				PRODUCT_NAME = "$(TARGET_NAME)";
			};
			name = Release;
		};
/* End XCBuildConfiguration section */

/* Begin XCConfigurationList section */
		C87458631A4F66FB00614D1B /* Build configuration list for PBXProject "assignment4Ryan" */ = {
			isa = XCConfigurationList;
			buildConfigurations = (
				C874586D1A4F66FB00614D1B /* Debug */,
				C874586E1A4F66FB00614D1B /* Release */,
			);
			defaultConfigurationIsVisible = 0;
			defaultConfigurationName = Release;
		};
		C874586F1A4F66FB00614D1B /* Build configuration list for PBXNativeTarget "assignment4Ryan" */ = {
			isa = XCConfigurationList;
			buildConfigurations = (
				C87458701A4F66FB00614D1B /* Debug */,
				C87458711A4F66FB00614D1B /* Release */,
			);
			defaultConfigurationIsVisible = 0;
		};
/* End XCConfigurationList section */
	};
	rootObject = C87458601A4F66FB00614D1B /* Project object */;
}
